// !$*UTF8*$!
{
	archiveVersion = 1;
	classes = {
	};
	objectVersion = 51;
	objects = {

/* Begin PBXBuildFile section */
		953C6A2E25F95F520045C453 /* ReadMoreText.swift in Sources */ = {isa = PBXBuildFile; fileRef = 953C6A2D25F95F520045C453 /* ReadMoreText.swift */; };
		9543559425F97B1200DB05B1 /* Favorites.swift in Sources */ = {isa = PBXBuildFile; fileRef = 9543559325F97B1200DB05B1 /* Favorites.swift */; };
		9550951825FD14800029D61B /* SearchBar.swift in Sources */ = {isa = PBXBuildFile; fileRef = 9550951725FD14800029D61B /* SearchBar.swift */; };
		9562379225F7DA49009DAF27 /* Media.xcassets in Resources */ = {isa = PBXBuildFile; fileRef = 9562379125F7DA49009DAF27 /* Media.xcassets */; };
		9562379525F7DDF7009DAF27 /* CountryDetails.swift in Sources */ = {isa = PBXBuildFile; fileRef = 9562379425F7DDF7009DAF27 /* CountryDetails.swift */; };
		95668EAF25FEF31400FDD254 /* last_data.json in Resources */ = {isa = PBXBuildFile; fileRef = 95668EAE25FEF31400FDD254 /* last_data.json */; };
		9566D4BB25F94F7B00F65A32 /* WikiModels.swift in Sources */ = {isa = PBXBuildFile; fileRef = 9566D4BA25F94F7B00F65A32 /* WikiModels.swift */; };
		9566D4BE25F9516500F65A32 /* WikiAPI.swift in Sources */ = {isa = PBXBuildFile; fileRef = 9566D4BD25F9516500F65A32 /* WikiAPI.swift */; };
		95A3ADD225FECB4D00540C65 /* Localizable.strings in Resources */ = {isa = PBXBuildFile; fileRef = 95A3ADD425FECB4D00540C65 /* Localizable.strings */; };
		95D1AEE625F6799400A5DC81 /* Covid_TrackerApp.swift in Sources */ = {isa = PBXBuildFile; fileRef = 95D1AEE525F6799400A5DC81 /* Covid_TrackerApp.swift */; };
		95D1AEE825F6799400A5DC81 /* Home.swift in Sources */ = {isa = PBXBuildFile; fileRef = 95D1AEE725F6799400A5DC81 /* Home.swift */; };
		95D1AEED25F679A100A5DC81 /* Preview Assets.xcassets in Resources */ = {isa = PBXBuildFile; fileRef = 95D1AEEC25F679A100A5DC81 /* Preview Assets.xcassets */; };
		95D5A69D25FA972800D51617 /* ShareableStats.swift in Sources */ = {isa = PBXBuildFile; fileRef = 95D5A69C25FA972800D51617 /* ShareableStats.swift */; };
		95F24EDF25F783EE00426468 /* CountriesList.swift in Sources */ = {isa = PBXBuildFile; fileRef = 95F24EDE25F783EE00426468 /* CountriesList.swift */; };
		95F24EE225F7865600426468 /* TabsView.swift in Sources */ = {isa = PBXBuildFile; fileRef = 95F24EE125F7865600426468 /* TabsView.swift */; };
		95F24EE925F78DA100426468 /* CovidModels.swift in Sources */ = {isa = PBXBuildFile; fileRef = 95F24EE825F78DA100426468 /* CovidModels.swift */; };
		95F24EED25F78FB600426468 /* CovidAPI.swift in Sources */ = {isa = PBXBuildFile; fileRef = 95F24EEC25F78FB600426468 /* CovidAPI.swift */; };
		B170E40E4E2580C9FC4415A5 /* Pods_Covid_Tracker.framework in Frameworks */ = {isa = PBXBuildFile; fileRef = FC94FFE3FDFFD015AC112214 /* Pods_Covid_Tracker.framework */; };
/* End PBXBuildFile section */

/* Begin PBXFileReference section */
		2B908889020C2690ADBE2B00 /* Pods-Covid Tracker.release.xcconfig */ = {isa = PBXFileReference; includeInIndex = 1; lastKnownFileType = text.xcconfig; name = "Pods-Covid Tracker.release.xcconfig"; path = "Target Support Files/Pods-Covid Tracker/Pods-Covid Tracker.release.xcconfig"; sourceTree = "<group>"; };
		953C6A2D25F95F520045C453 /* ReadMoreText.swift */ = {isa = PBXFileReference; lastKnownFileType = sourcecode.swift; path = ReadMoreText.swift; sourceTree = "<group>"; };
		9543559325F97B1200DB05B1 /* Favorites.swift */ = {isa = PBXFileReference; lastKnownFileType = sourcecode.swift; path = Favorites.swift; sourceTree = "<group>"; };
		9550951725FD14800029D61B /* SearchBar.swift */ = {isa = PBXFileReference; lastKnownFileType = sourcecode.swift; path = SearchBar.swift; sourceTree = "<group>"; };
		9562379125F7DA49009DAF27 /* Media.xcassets */ = {isa = PBXFileReference; lastKnownFileType = folder.assetcatalog; path = Media.xcassets; sourceTree = "<group>"; };
		9562379425F7DDF7009DAF27 /* CountryDetails.swift */ = {isa = PBXFileReference; lastKnownFileType = sourcecode.swift; path = CountryDetails.swift; sourceTree = "<group>"; };
		95668EAE25FEF31400FDD254 /* last_data.json */ = {isa = PBXFileReference; fileEncoding = 4; lastKnownFileType = text.json; path = last_data.json; sourceTree = "<group>"; };
		9566D4BA25F94F7B00F65A32 /* WikiModels.swift */ = {isa = PBXFileReference; lastKnownFileType = sourcecode.swift; path = WikiModels.swift; sourceTree = "<group>"; };
		9566D4BD25F9516500F65A32 /* WikiAPI.swift */ = {isa = PBXFileReference; lastKnownFileType = sourcecode.swift; path = WikiAPI.swift; sourceTree = "<group>"; };
		95A3ADD325FECB4D00540C65 /* en */ = {isa = PBXFileReference; lastKnownFileType = text.plist.strings; name = en; path = en.lproj/Localizable.strings; sourceTree = "<group>"; };
		95A3ADD625FECB5100540C65 /* fr */ = {isa = PBXFileReference; lastKnownFileType = text.plist.strings; name = fr; path = fr.lproj/Localizable.strings; sourceTree = "<group>"; };
		95D1AEE225F6799400A5DC81 /* Covid Tracker.app */ = {isa = PBXFileReference; explicitFileType = wrapper.application; includeInIndex = 0; path = "Covid Tracker.app"; sourceTree = BUILT_PRODUCTS_DIR; };
		95D1AEE525F6799400A5DC81 /* Covid_TrackerApp.swift */ = {isa = PBXFileReference; lastKnownFileType = sourcecode.swift; path = Covid_TrackerApp.swift; sourceTree = "<group>"; };
		95D1AEE725F6799400A5DC81 /* Home.swift */ = {isa = PBXFileReference; lastKnownFileType = sourcecode.swift; path = Home.swift; sourceTree = "<group>"; };
		95D1AEEC25F679A100A5DC81 /* Preview Assets.xcassets */ = {isa = PBXFileReference; lastKnownFileType = folder.assetcatalog; path = "Preview Assets.xcassets"; sourceTree = "<group>"; };
		95D1AEEE25F679A100A5DC81 /* Info.plist */ = {isa = PBXFileReference; lastKnownFileType = text.plist.xml; path = Info.plist; sourceTree = "<group>"; };
		95D5A69C25FA972800D51617 /* ShareableStats.swift */ = {isa = PBXFileReference; lastKnownFileType = sourcecode.swift; path = ShareableStats.swift; sourceTree = "<group>"; };
		95F24EDE25F783EE00426468 /* CountriesList.swift */ = {isa = PBXFileReference; lastKnownFileType = sourcecode.swift; path = CountriesList.swift; sourceTree = "<group>"; };
		95F24EE125F7865600426468 /* TabsView.swift */ = {isa = PBXFileReference; lastKnownFileType = sourcecode.swift; path = TabsView.swift; sourceTree = "<group>"; };
		95F24EE825F78DA100426468 /* CovidModels.swift */ = {isa = PBXFileReference; lastKnownFileType = sourcecode.swift; path = CovidModels.swift; sourceTree = "<group>"; };
		95F24EEC25F78FB600426468 /* CovidAPI.swift */ = {isa = PBXFileReference; lastKnownFileType = sourcecode.swift; path = CovidAPI.swift; sourceTree = "<group>"; };
		ADC73D2B723BEF456338C823 /* Pods-Covid Tracker.debug.xcconfig */ = {isa = PBXFileReference; includeInIndex = 1; lastKnownFileType = text.xcconfig; name = "Pods-Covid Tracker.debug.xcconfig"; path = "Target Support Files/Pods-Covid Tracker/Pods-Covid Tracker.debug.xcconfig"; sourceTree = "<group>"; };
		FC94FFE3FDFFD015AC112214 /* Pods_Covid_Tracker.framework */ = {isa = PBXFileReference; explicitFileType = wrapper.framework; includeInIndex = 0; path = Pods_Covid_Tracker.framework; sourceTree = BUILT_PRODUCTS_DIR; };
/* End PBXFileReference section */

/* Begin PBXFrameworksBuildPhase section */
		95D1AEDF25F6799400A5DC81 /* Frameworks */ = {
			isa = PBXFrameworksBuildPhase;
			buildActionMask = 2147483647;
			files = (
				B170E40E4E2580C9FC4415A5 /* Pods_Covid_Tracker.framework in Frameworks */,
			);
			runOnlyForDeploymentPostprocessing = 0;
		};
/* End PBXFrameworksBuildPhase section */

/* Begin PBXGroup section */
		36B11C981F790828F09C784B /* Pods */ = {
			isa = PBXGroup;
			children = (
				ADC73D2B723BEF456338C823 /* Pods-Covid Tracker.debug.xcconfig */,
				2B908889020C2690ADBE2B00 /* Pods-Covid Tracker.release.xcconfig */,
			);
			path = Pods;
			sourceTree = "<group>";
		};
		64608B131ADFF75D8AD10890 /* Frameworks */ = {
			isa = PBXGroup;
			children = (
				FC94FFE3FDFFD015AC112214 /* Pods_Covid_Tracker.framework */,
			);
			name = Frameworks;
			sourceTree = "<group>";
		};
		95D1AED925F6799300A5DC81 = {
			isa = PBXGroup;
			children = (
				95D1AEE425F6799400A5DC81 /* Covid Tracker */,
				95D1AEE325F6799400A5DC81 /* Products */,
				36B11C981F790828F09C784B /* Pods */,
				64608B131ADFF75D8AD10890 /* Frameworks */,
			);
			sourceTree = "<group>";
		};
		95D1AEE325F6799400A5DC81 /* Products */ = {
			isa = PBXGroup;
			children = (
				95D1AEE225F6799400A5DC81 /* Covid Tracker.app */,
			);
			name = Products;
			sourceTree = "<group>";
		};
		95D1AEE425F6799400A5DC81 /* Covid Tracker */ = {
			isa = PBXGroup;
			children = (
				95668EAE25FEF31400FDD254 /* last_data.json */,
				95F24EE725F78D8B00426468 /* Data */,
				95F24EE625F78D5D00426468 /* Views */,
				95D1AEE525F6799400A5DC81 /* Covid_TrackerApp.swift */,
				95D1AEEE25F679A100A5DC81 /* Info.plist */,
				95D1AEEB25F679A100A5DC81 /* Preview Content */,
				9562379125F7DA49009DAF27 /* Media.xcassets */,
				95A3ADD425FECB4D00540C65 /* Localizable.strings */,
			);
			path = "Covid Tracker";
			sourceTree = "<group>";
		};
		95D1AEEB25F679A100A5DC81 /* Preview Content */ = {
			isa = PBXGroup;
			children = (
				95D1AEEC25F679A100A5DC81 /* Preview Assets.xcassets */,
			);
			path = "Preview Content";
			sourceTree = "<group>";
		};
		95F24EE625F78D5D00426468 /* Views */ = {
			isa = PBXGroup;
			children = (
				95F24EE125F7865600426468 /* TabsView.swift */,
				95D1AEE725F6799400A5DC81 /* Home.swift */,
				95F24EDE25F783EE00426468 /* CountriesList.swift */,
				9562379425F7DDF7009DAF27 /* CountryDetails.swift */,
				953C6A2D25F95F520045C453 /* ReadMoreText.swift */,
				9550951725FD14800029D61B /* SearchBar.swift */,
			);
			path = Views;
			sourceTree = "<group>";
		};
		95F24EE725F78D8B00426468 /* Data */ = {
			isa = PBXGroup;
			children = (
				95F24EE825F78DA100426468 /* CovidModels.swift */,
				95F24EEC25F78FB600426468 /* CovidAPI.swift */,
				9566D4BA25F94F7B00F65A32 /* WikiModels.swift */,
				9566D4BD25F9516500F65A32 /* WikiAPI.swift */,
				9543559325F97B1200DB05B1 /* Favorites.swift */,
				95D5A69C25FA972800D51617 /* ShareableStats.swift */,
			);
			path = Data;
			sourceTree = "<group>";
		};
/* End PBXGroup section */

/* Begin PBXNativeTarget section */
		95D1AEE125F6799400A5DC81 /* Covid Tracker */ = {
			isa = PBXNativeTarget;
			buildConfigurationList = 95D1AEF125F679A100A5DC81 /* Build configuration list for PBXNativeTarget "Covid Tracker" */;
			buildPhases = (
				92EBC44E20211CF50898B81C /* [CP] Check Pods Manifest.lock */,
				95D1AEDE25F6799400A5DC81 /* Sources */,
				95D1AEDF25F6799400A5DC81 /* Frameworks */,
				95D1AEE025F6799400A5DC81 /* Resources */,
				BB8B6D60387E87589EFBFA9B /* [CP] Embed Pods Frameworks */,
			);
			buildRules = (
			);
			dependencies = (
			);
			name = "Covid Tracker";
			productName = "Covid Racer";
			productReference = 95D1AEE225F6799400A5DC81 /* Covid Tracker.app */;
			productType = "com.apple.product-type.application";
		};
/* End PBXNativeTarget section */

/* Begin PBXProject section */
		95D1AEDA25F6799400A5DC81 /* Project object */ = {
			isa = PBXProject;
			attributes = {
				LastSwiftUpdateCheck = 1240;
				LastUpgradeCheck = 1240;
				TargetAttributes = {
					95D1AEE125F6799400A5DC81 = {
						CreatedOnToolsVersion = 12.4;
					};
				};
			};
			buildConfigurationList = 95D1AEDD25F6799400A5DC81 /* Build configuration list for PBXProject "Covid Tracker" */;
			compatibilityVersion = "Xcode 9.3";
			developmentRegion = en;
			hasScannedForEncodings = 0;
			knownRegions = (
				en,
				Base,
				fr,
			);
			mainGroup = 95D1AED925F6799300A5DC81;
			productRefGroup = 95D1AEE325F6799400A5DC81 /* Products */;
			projectDirPath = "";
			projectRoot = "";
			targets = (
				95D1AEE125F6799400A5DC81 /* Covid Tracker */,
			);
		};
/* End PBXProject section */

/* Begin PBXResourcesBuildPhase section */
		95D1AEE025F6799400A5DC81 /* Resources */ = {
			isa = PBXResourcesBuildPhase;
			buildActionMask = 2147483647;
			files = (
				9562379225F7DA49009DAF27 /* Media.xcassets in Resources */,
				95A3ADD225FECB4D00540C65 /* Localizable.strings in Resources */,
				95D1AEED25F679A100A5DC81 /* Preview Assets.xcassets in Resources */,
				95668EAF25FEF31400FDD254 /* last_data.json in Resources */,
			);
			runOnlyForDeploymentPostprocessing = 0;
		};
/* End PBXResourcesBuildPhase section */

/* Begin PBXShellScriptBuildPhase section */
		92EBC44E20211CF50898B81C /* [CP] Check Pods Manifest.lock */ = {
			isa = PBXShellScriptBuildPhase;
			buildActionMask = 2147483647;
			files = (
			);
			inputFileListPaths = (
			);
			inputPaths = (
				"${PODS_PODFILE_DIR_PATH}/Podfile.lock",
				"${PODS_ROOT}/Manifest.lock",
			);
			name = "[CP] Check Pods Manifest.lock";
			outputFileListPaths = (
			);
			outputPaths = (
				"$(DERIVED_FILE_DIR)/Pods-Covid Tracker-checkManifestLockResult.txt",
			);
			runOnlyForDeploymentPostprocessing = 0;
			shellPath = /bin/sh;
			shellScript = "diff \"${PODS_PODFILE_DIR_PATH}/Podfile.lock\" \"${PODS_ROOT}/Manifest.lock\" > /dev/null\nif [ $? != 0 ] ; then\n    # print error to STDERR\n    echo \"error: The sandbox is not in sync with the Podfile.lock. Run 'pod install' or update your CocoaPods installation.\" >&2\n    exit 1\nfi\n# This output is used by Xcode 'outputs' to avoid re-running this script phase.\necho \"SUCCESS\" > \"${SCRIPT_OUTPUT_FILE_0}\"\n";
			showEnvVarsInLog = 0;
		};
		BB8B6D60387E87589EFBFA9B /* [CP] Embed Pods Frameworks */ = {
			isa = PBXShellScriptBuildPhase;
			buildActionMask = 2147483647;
			files = (
			);
			inputFileListPaths = (
				"${PODS_ROOT}/Target Support Files/Pods-Covid Tracker/Pods-Covid Tracker-frameworks-${CONFIGURATION}-input-files.xcfilelist",
			);
			name = "[CP] Embed Pods Frameworks";
			outputFileListPaths = (
				"${PODS_ROOT}/Target Support Files/Pods-Covid Tracker/Pods-Covid Tracker-frameworks-${CONFIGURATION}-output-files.xcfilelist",
			);
			runOnlyForDeploymentPostprocessing = 0;
			shellPath = /bin/sh;
			shellScript = "\"${PODS_ROOT}/Target Support Files/Pods-Covid Tracker/Pods-Covid Tracker-frameworks.sh\"\n";
			showEnvVarsInLog = 0;
		};
/* End PBXShellScriptBuildPhase section */

/* Begin PBXSourcesBuildPhase section */
		95D1AEDE25F6799400A5DC81 /* Sources */ = {
			isa = PBXSourcesBuildPhase;
			buildActionMask = 2147483647;
			files = (
				9550951825FD14800029D61B /* SearchBar.swift in Sources */,
				95D1AEE825F6799400A5DC81 /* Home.swift in Sources */,
				953C6A2E25F95F520045C453 /* ReadMoreText.swift in Sources */,
				95D1AEE625F6799400A5DC81 /* Covid_TrackerApp.swift in Sources */,
				95F24EED25F78FB600426468 /* CovidAPI.swift in Sources */,
				9566D4BB25F94F7B00F65A32 /* WikiModels.swift in Sources */,
				9543559425F97B1200DB05B1 /* Favorites.swift in Sources */,
				9562379525F7DDF7009DAF27 /* CountryDetails.swift in Sources */,
				95F24EE225F7865600426468 /* TabsView.swift in Sources */,
				95F24EDF25F783EE00426468 /* CountriesList.swift in Sources */,
				95D5A69D25FA972800D51617 /* ShareableStats.swift in Sources */,
				9566D4BE25F9516500F65A32 /* WikiAPI.swift in Sources */,
				95F24EE925F78DA100426468 /* CovidModels.swift in Sources */,
			);
			runOnlyForDeploymentPostprocessing = 0;
		};
/* End PBXSourcesBuildPhase section */

/* Begin PBXVariantGroup section */
		95A3ADD425FECB4D00540C65 /* Localizable.strings */ = {
			isa = PBXVariantGroup;
			children = (
				95A3ADD325FECB4D00540C65 /* en */,
				95A3ADD625FECB5100540C65 /* fr */,
			);
			name = Localizable.strings;
			sourceTree = "<group>";
		};
/* End PBXVariantGroup section */

/* Begin XCBuildConfiguration section */
		95D1AEEF25F679A100A5DC81 /* Debug */ = {
			isa = XCBuildConfiguration;
			buildSettings = {
				ALWAYS_SEARCH_USER_PATHS = NO;
				CLANG_ANALYZER_NONNULL = YES;
				CLANG_ANALYZER_NUMBER_OBJECT_CONVERSION = YES_AGGRESSIVE;
				CLANG_CXX_LANGUAGE_STANDARD = "gnu++14";
				CLANG_CXX_LIBRARY = "libc++";
				CLANG_ENABLE_MODULES = YES;
				CLANG_ENABLE_OBJC_ARC = YES;
				CLANG_ENABLE_OBJC_WEAK = YES;
				CLANG_WARN_BLOCK_CAPTURE_AUTORELEASING = YES;
				CLANG_WARN_BOOL_CONVERSION = YES;
				CLANG_WARN_COMMA = YES;
				CLANG_WARN_CONSTANT_CONVERSION = YES;
				CLANG_WARN_DEPRECATED_OBJC_IMPLEMENTATIONS = YES;
				CLANG_WARN_DIRECT_OBJC_ISA_USAGE = YES_ERROR;
				CLANG_WARN_DOCUMENTATION_COMMENTS = YES;
				CLANG_WARN_EMPTY_BODY = YES;
				CLANG_WARN_ENUM_CONVERSION = YES;
				CLANG_WARN_INFINITE_RECURSION = YES;
				CLANG_WARN_INT_CONVERSION = YES;
				CLANG_WARN_NON_LITERAL_NULL_CONVERSION = YES;
				CLANG_WARN_OBJC_IMPLICIT_RETAIN_SELF = YES;
				CLANG_WARN_OBJC_LITERAL_CONVERSION = YES;
				CLANG_WARN_OBJC_ROOT_CLASS = YES_ERROR;
				CLANG_WARN_QUOTED_INCLUDE_IN_FRAMEWORK_HEADER = YES;
				CLANG_WARN_RANGE_LOOP_ANALYSIS = YES;
				CLANG_WARN_STRICT_PROTOTYPES = YES;
				CLANG_WARN_SUSPICIOUS_MOVE = YES;
				CLANG_WARN_UNGUARDED_AVAILABILITY = YES_AGGRESSIVE;
				CLANG_WARN_UNREACHABLE_CODE = YES;
				CLANG_WARN__DUPLICATE_METHOD_MATCH = YES;
				COPY_PHASE_STRIP = NO;
				DEBUG_INFORMATION_FORMAT = dwarf;
				ENABLE_STRICT_OBJC_MSGSEND = YES;
				ENABLE_TESTABILITY = YES;
				GCC_C_LANGUAGE_STANDARD = gnu11;
				GCC_DYNAMIC_NO_PIC = NO;
				GCC_NO_COMMON_BLOCKS = YES;
				GCC_OPTIMIZATION_LEVEL = 0;
				GCC_PREPROCESSOR_DEFINITIONS = (
					"DEBUG=1",
					"$(inherited)",
				);
				GCC_WARN_64_TO_32_BIT_CONVERSION = YES;
				GCC_WARN_ABOUT_RETURN_TYPE = YES_ERROR;
				GCC_WARN_UNDECLARED_SELECTOR = YES;
				GCC_WARN_UNINITIALIZED_AUTOS = YES_AGGRESSIVE;
				GCC_WARN_UNUSED_FUNCTION = YES;
				GCC_WARN_UNUSED_VARIABLE = YES;
				IPHONEOS_DEPLOYMENT_TARGET = 14.4;
				MTL_ENABLE_DEBUG_INFO = INCLUDE_SOURCE;
				MTL_FAST_MATH = YES;
				ONLY_ACTIVE_ARCH = YES;
				SDKROOT = iphoneos;
				SWIFT_ACTIVE_COMPILATION_CONDITIONS = DEBUG;
				SWIFT_OPTIMIZATION_LEVEL = "-Onone";
			};
			name = Debug;
		};
		95D1AEF025F679A100A5DC81 /* Release */ = {
			isa = XCBuildConfiguration;
			buildSettings = {
				ALWAYS_SEARCH_USER_PATHS = NO;
				CLANG_ANALYZER_NONNULL = YES;
				CLANG_ANALYZER_NUMBER_OBJECT_CONVERSION = YES_AGGRESSIVE;
				CLANG_CXX_LANGUAGE_STANDARD = "gnu++14";
				CLANG_CXX_LIBRARY = "libc++";
				CLANG_ENABLE_MODULES = YES;
				CLANG_ENABLE_OBJC_ARC = YES;
				CLANG_ENABLE_OBJC_WEAK = YES;
				CLANG_WARN_BLOCK_CAPTURE_AUTORELEASING = YES;
				CLANG_WARN_BOOL_CONVERSION = YES;
				CLANG_WARN_COMMA = YES;
				CLANG_WARN_CONSTANT_CONVERSION = YES;
				CLANG_WARN_DEPRECATED_OBJC_IMPLEMENTATIONS = YES;
				CLANG_WARN_DIRECT_OBJC_ISA_USAGE = YES_ERROR;
				CLANG_WARN_DOCUMENTATION_COMMENTS = YES;
				CLANG_WARN_EMPTY_BODY = YES;
				CLANG_WARN_ENUM_CONVERSION = YES;
				CLANG_WARN_INFINITE_RECURSION = YES;
				CLANG_WARN_INT_CONVERSION = YES;
				CLANG_WARN_NON_LITERAL_NULL_CONVERSION = YES;
				CLANG_WARN_OBJC_IMPLICIT_RETAIN_SELF = YES;
				CLANG_WARN_OBJC_LITERAL_CONVERSION = YES;
				CLANG_WARN_OBJC_ROOT_CLASS = YES_ERROR;
				CLANG_WARN_QUOTED_INCLUDE_IN_FRAMEWORK_HEADER = YES;
				CLANG_WARN_RANGE_LOOP_ANALYSIS = YES;
				CLANG_WARN_STRICT_PROTOTYPES = YES;
				CLANG_WARN_SUSPICIOUS_MOVE = YES;
				CLANG_WARN_UNGUARDED_AVAILABILITY = YES_AGGRESSIVE;
				CLANG_WARN_UNREACHABLE_CODE = YES;
				CLANG_WARN__DUPLICATE_METHOD_MATCH = YES;
				COPY_PHASE_STRIP = NO;
				DEBUG_INFORMATION_FORMAT = "dwarf-with-dsym";
				ENABLE_NS_ASSERTIONS = NO;
				ENABLE_STRICT_OBJC_MSGSEND = YES;
				GCC_C_LANGUAGE_STANDARD = gnu11;
				GCC_NO_COMMON_BLOCKS = YES;
				GCC_WARN_64_TO_32_BIT_CONVERSION = YES;
				GCC_WARN_ABOUT_RETURN_TYPE = YES_ERROR;
				GCC_WARN_UNDECLARED_SELECTOR = YES;
				GCC_WARN_UNINITIALIZED_AUTOS = YES_AGGRESSIVE;
				GCC_WARN_UNUSED_FUNCTION = YES;
				GCC_WARN_UNUSED_VARIABLE = YES;
				IPHONEOS_DEPLOYMENT_TARGET = 14.4;
				MTL_ENABLE_DEBUG_INFO = NO;
				MTL_FAST_MATH = YES;
				SDKROOT = iphoneos;
				SWIFT_COMPILATION_MODE = wholemodule;
				SWIFT_OPTIMIZATION_LEVEL = "-O";
				VALIDATE_PRODUCT = YES;
			};
			name = Release;
		};
		95D1AEF225F679A100A5DC81 /* Debug */ = {
			isa = XCBuildConfiguration;
			baseConfigurationReference = ADC73D2B723BEF456338C823 /* Pods-Covid Tracker.debug.xcconfig */;
			buildSettings = {
				ASSETCATALOG_COMPILER_APPICON_NAME = AppIcon;
				ASSETCATALOG_COMPILER_GLOBAL_ACCENT_COLOR_NAME = AccentColor;
				CODE_SIGN_STYLE = Automatic;
				DEVELOPMENT_ASSET_PATHS = "\"Covid Tracker/Preview Content\"";
				DEVELOPMENT_TEAM = PRQULXTWN8;
				ENABLE_PREVIEWS = YES;
				INFOPLIST_FILE = "Covid Tracker/Info.plist";
				IPHONEOS_DEPLOYMENT_TARGET = 14.0;
				LD_RUNPATH_SEARCH_PATHS = (
					"$(inherited)",
					"@executable_path/Frameworks",
				);
				PRODUCT_BUNDLE_IDENTIFIER = "virus.covid.Covid-Tracker";
				PRODUCT_NAME = "$(TARGET_NAME)";
				SWIFT_VERSION = 5.0;
				TARGETED_DEVICE_FAMILY = "1,2";
			};
			name = Debug;
		};
		95D1AEF325F679A100A5DC81 /* Release */ = {
			isa = XCBuildConfiguration;
			baseConfigurationReference = 2B908889020C2690ADBE2B00 /* Pods-Covid Tracker.release.xcconfig */;
			buildSettings = {
				ASSETCATALOG_COMPILER_APPICON_NAME = AppIcon;
				ASSETCATALOG_COMPILER_GLOBAL_ACCENT_COLOR_NAME = AccentColor;
				CODE_SIGN_STYLE = Automatic;
				DEVELOPMENT_ASSET_PATHS = "\"Covid Tracker/Preview Content\"";
				DEVELOPMENT_TEAM = PRQULXTWN8;
				ENABLE_PREVIEWS = YES;
				INFOPLIST_FILE = "Covid Tracker/Info.plist";
				IPHONEOS_DEPLOYMENT_TARGET = 14.0;
				LD_RUNPATH_SEARCH_PATHS = (
					"$(inherited)",
					"@executable_path/Frameworks",
				);
				PRODUCT_BUNDLE_IDENTIFIER = "virus.covid.Covid-Tracker";
				PRODUCT_NAME = "$(TARGET_NAME)";
				SWIFT_VERSION = 5.0;
				TARGETED_DEVICE_FAMILY = "1,2";
			};
			name = Release;
		};
/* End XCBuildConfiguration section */

/* Begin XCConfigurationList section */
		95D1AEDD25F6799400A5DC81 /* Build configuration list for PBXProject "Covid Tracker" */ = {
			isa = XCConfigurationList;
			buildConfigurations = (
				95D1AEEF25F679A100A5DC81 /* Debug */,
				95D1AEF025F679A100A5DC81 /* Release */,
			);
			defaultConfigurationIsVisible = 0;
			defaultConfigurationName = Release;
		};
		95D1AEF125F679A100A5DC81 /* Build configuration list for PBXNativeTarget "Covid Tracker" */ = {
			isa = XCConfigurationList;
			buildConfigurations = (
				95D1AEF225F679A100A5DC81 /* Debug */,
				95D1AEF325F679A100A5DC81 /* Release */,
			);
			defaultConfigurationIsVisible = 0;
			defaultConfigurationName = Release;
		};
/* End XCConfigurationList section */
	};
	rootObject = 95D1AEDA25F6799400A5DC81 /* Project object */;
}
